
Microsoft Visual Studio Solution File, Format Version 12.00
# Visual Studio Version 16
VisualStudioVersion = 16.0.30330.147
MinimumVisualStudioVersion = 10.0.40219.1
Project("{FAE04EC0-301F-11D3-BF4B-00C04F79EFBC}") = "FlightJobsConnectorMSFS", "FlightJobsConnectorMSFS.csproj", "{2B53D20D-63FD-406F-A555-8AC0553DD92E}"
EndProject
Project("{FAE04EC0-301F-11D3-BF4B-00C04F79EFBC}") = "ConnectorClientAPI", "..\ConnectorClientAPI\ConnectorClientAPI.csproj", "{E274CCE3-F4E3-42FB-82EB-137839180389}"
EndProject
Global
	GlobalSection(SolutionConfigurationPlatforms) = preSolution
		Debug|Any CPU = Debug|Any CPU
		Debug|ARM = Debug|ARM
		Debug|ARM64 = Debug|ARM64
		Debug|x64 = Debug|x64
		Debug|x86 = Debug|x86
		Release|Any CPU = Release|Any CPU
		Release|ARM = Release|ARM
		Release|ARM64 = Release|ARM64
		Release|x64 = Release|x64
		Release|x86 = Release|x86
	EndGlobalSection
	GlobalSection(ProjectConfigurationPlatforms) = postSolution
		{2B53D20D-63FD-406F-A555-8AC0553DD92E}.Debug|Any CPU.ActiveCfg = Debug|Any CPU
		{2B53D20D-63FD-406F-A555-8AC0553DD92E}.Debug|Any CPU.Build.0 = Debug|Any CPU
		{2B53D20D-63FD-406F-A555-8AC0553DD92E}.Debug|ARM.ActiveCfg = Debug|Any CPU
		{2B53D20D-63FD-406F-A555-8AC0553DD92E}.Debug|ARM.Build.0 = Debug|Any CPU
		{2B53D20D-63FD-406F-A555-8AC0553DD92E}.Debug|ARM64.ActiveCfg = Debug|Any CPU
		{2B53D20D-63FD-406F-A555-8AC0553DD92E}.Debug|ARM64.Build.0 = Debug|Any CPU
		{2B53D20D-63FD-406F-A555-8AC0553DD92E}.Debug|x64.ActiveCfg = Debug|Any CPU
		{2B53D20D-63FD-406F-A555-8AC0553DD92E}.Debug|x64.Build.0 = Debug|Any CPU
		{2B53D20D-63FD-406F-A555-8AC0553DD92E}.Debug|x86.ActiveCfg = Debug|Any CPU
		{2B53D20D-63FD-406F-A555-8AC0553DD92E}.Debug|x86.Build.0 = Debug|Any CPU
		{2B53D20D-63FD-406F-A555-8AC0553DD92E}.Release|Any CPU.ActiveCfg = Release|Any CPU
		{2B53D20D-63FD-406F-A555-8AC0553DD92E}.Release|Any CPU.Build.0 = Release|Any CPU
		{2B53D20D-63FD-406F-A555-8AC0553DD92E}.Release|ARM.ActiveCfg = Release|Any CPU
		{2B53D20D-63FD-406F-A555-8AC0553DD92E}.Release|ARM.Build.0 = Release|Any CPU
		{2B53D20D-63FD-406F-A555-8AC0553DD92E}.Release|ARM64.ActiveCfg = Release|Any CPU
		{2B53D20D-63FD-406F-A555-8AC0553DD92E}.Release|ARM64.Build.0 = Release|Any CPU
		{2B53D20D-63FD-406F-A555-8AC0553DD92E}.Release|x64.ActiveCfg = Release|Any CPU
		{2B53D20D-63FD-406F-A555-8AC0553DD92E}.Release|x64.Build.0 = Release|Any CPU
		{2B53D20D-63FD-406F-A555-8AC0553DD92E}.Release|x86.ActiveCfg = Release|Any CPU
		{2B53D20D-63FD-406F-A555-8AC0553DD92E}.Release|x86.Build.0 = Release|Any CPU
		{E274CCE3-F4E3-42FB-82EB-137839180389}.Debug|Any CPU.ActiveCfg = Debug|Any CPU
		{E274CCE3-F4E3-42FB-82EB-137839180389}.Debug|Any CPU.Build.0 = Debug|Any CPU
		{E274CCE3-F4E3-42FB-82EB-137839180389}.Debug|ARM.ActiveCfg = Debug|Any CPU
		{E274CCE3-F4E3-42FB-82EB-137839180389}.Debug|ARM.Build.0 = Debug|Any CPU
		{E274CCE3-F4E3-42FB-82EB-137839180389}.Debug|ARM64.ActiveCfg = Debug|Any CPU
		{E274CCE3-F4E3-42FB-82EB-137839180389}.Debug|ARM64.Build.0 = Debug|Any CPU
		{E274CCE3-F4E3-42FB-82EB-137839180389}.Debug|x64.ActiveCfg = Debug|Any CPU
		{E274CCE3-F4E3-42FB-82EB-137839180389}.Debug|x64.Build.0 = Debug|Any CPU
		{E274CCE3-F4E3-42FB-82EB-137839180389}.Debug|x86.ActiveCfg = Debug|Any CPU
		{E274CCE3-F4E3-42FB-82EB-137839180389}.Debug|x86.Build.0 = Debug|Any CPU
		{E274CCE3-F4E3-42FB-82EB-137839180389}.Release|Any CPU.ActiveCfg = Release|Any CPU
		{E274CCE3-F4E3-42FB-82EB-137839180389}.Release|Any CPU.Build.0 = Release|Any CPU
		{E274CCE3-F4E3-42FB-82EB-137839180389}.Release|ARM.ActiveCfg = Release|Any CPU
		{E274CCE3-F4E3-42FB-82EB-137839180389}.Release|ARM.Build.0 = Release|Any CPU
		{E274CCE3-F4E3-42FB-82EB-137839180389}.Release|ARM64.ActiveCfg = Release|Any CPU
		{E274CCE3-F4E3-42FB-82EB-137839180389}.Release|ARM64.Build.0 = Release|Any CPU
		{E274CCE3-F4E3-42FB-82EB-137839180389}.Release|x64.ActiveCfg = Release|Any CPU
		{E274CCE3-F4E3-42FB-82EB-137839180389}.Release|x64.Build.0 = Release|Any CPU
		{E274CCE3-F4E3-42FB-82EB-137839180389}.Release|x86.ActiveCfg = Release|Any CPU
		{E274CCE3-F4E3-42FB-82EB-137839180389}.Release|x86.Build.0 = Release|Any CPU
	EndGlobalSection
	GlobalSection(SolutionProperties) = preSolution
		HideSolutionNode = FALSE
	EndGlobalSection
	GlobalSection(ExtensibilityGlobals) = postSolution
		SolutionGuid = {C170467B-701E-4886-8B4F-CB8B8371FF30}
	EndGlobalSection
EndGlobal
